
Microsoft Visual Studio Solution File, Format Version 12.00
# Visual Studio Version 17
VisualStudioVersion = 17.7.34031.279
MinimumVisualStudioVersion = 10.0.40219.1
Project("{9A19103F-16F7-4668-BE54-9A1E7A4F7556}") = "Portfolio", "Portfolio\Portfolio.csproj", "{995DC1CA-10C0-4640-A755-DE8FBCDF99C9}"
EndProject
Global
	GlobalSection(SolutionConfigurationPlatforms) = preSolution
		Debug|Any CPU = Debug|Any CPU
		Release|Any CPU = Release|Any CPU
	EndGlobalSection
	GlobalSection(ProjectConfigurationPlatforms) = postSolution
		{995DC1CA-10C0-4640-A755-DE8FBCDF99C9}.Debug|Any CPU.ActiveCfg = Debug|Any CPU
		{995DC1CA-10C0-4640-A755-DE8FBCDF99C9}.Debug|Any CPU.Build.0 = Debug|Any CPU
		{995DC1CA-10C0-4640-A755-DE8FBCDF99C9}.Release|Any CPU.ActiveCfg = Release|Any CPU
		{995DC1CA-10C0-4640-A755-DE8FBCDF99C9}.Release|Any CPU.Build.0 = Release|Any CPU
	EndGlobalSection
	GlobalSection(SolutionProperties) = preSolution
		HideSolutionNode = FALSE
	EndGlobalSection
	GlobalSection(ExtensibilityGlobals) = postSolution
		SolutionGuid = {566B850B-38E3-4232-88D0-7B6D9D009F7B}
	EndGlobalSection
EndGlobal
